
Microsoft Visual Studio Solution File, Format Version 12.00
# Visual Studio Version 16
VisualStudioVersion = 16.0.29911.84
MinimumVisualStudioVersion = 10.0.40219.1
Project("{2150E333-8FDC-42A3-9474-1A3956D46DE8}") = "1.Doc", "1.Doc", "{BE06B6D2-5E6F-47C9-A3B1-33367F46D466}"
EndProject
Project("{2150E333-8FDC-42A3-9474-1A3956D46DE8}") = "2.API", "2.API", "{74B77B76-AFCB-4710-94C8-1F3BD525D248}"
EndProject
Project("{FAE04EC0-301F-11D3-BF4B-00C04F79EFBC}") = "WebAPI", "WebAPI\WebAPI.csproj", "{62372B3D-6E4A-4C37-B8E1-FD91EAC06D55}"
EndProject
Project("{2150E333-8FDC-42A3-9474-1A3956D46DE8}") = "3.Service", "3.Service", "{B836782A-500F-495D-B83C-5577BA990AF3}"
EndProject
Project("{FAE04EC0-301F-11D3-BF4B-00C04F79EFBC}") = "WebService", "WebService\WebService.csproj", "{DE2510D0-562D-4AC6-8C55-361077FB3EE9}"
EndProject
Project("{2150E333-8FDC-42A3-9474-1A3956D46DE8}") = "4.Repository", "4.Repository", "{4456ED7C-6481-4A43-829A-E5D4970EF465}"
EndProject
Project("{FAE04EC0-301F-11D3-BF4B-00C04F79EFBC}") = "Repository", "Repository\Repository.csproj", "{3D399CA9-A910-4E70-A4E3-0C234BCA7932}"
EndProject
Project("{2150E333-8FDC-42A3-9474-1A3956D46DE8}") = "5.Model", "5.Model", "{790C4576-73A2-445B-8E26-064E006936F9}"
EndProject
Project("{FAE04EC0-301F-11D3-BF4B-00C04F79EFBC}") = "Model", "Model\Model.csproj", "{5C1EB924-1462-4553-B2CA-17520E88679D}"
EndProject
Project("{2150E333-8FDC-42A3-9474-1A3956D46DE8}") = "6.Infrastructure", "6.Infrastructure", "{65C4F361-9844-46CB-8C75-5804A03EED50}"
EndProject
Project("{FAE04EC0-301F-11D3-BF4B-00C04F79EFBC}") = "Infrastructure", "Infrastructure\Infrastructure.csproj", "{B3EF42AB-CB35-40BA-A113-892C22E32F9A}"
EndProject
Project("{2150E333-8FDC-42A3-9474-1A3956D46DE8}") = "7.Test", "7.Test", "{B8824449-95C5-45F0-82E3-69AA68346E59}"
EndProject
Project("{FAE04EC0-301F-11D3-BF4B-00C04F79EFBC}") = "NUnitTest", "NUnitTest\NUnitTest.csproj", "{CE3BA217-AA16-40F0-85B3-4E6D34E838D9}"
EndProject
Global
	GlobalSection(SolutionConfigurationPlatforms) = preSolution
		Debug|Any CPU = Debug|Any CPU
		Release|Any CPU = Release|Any CPU
	EndGlobalSection
	GlobalSection(ProjectConfigurationPlatforms) = postSolution
		{62372B3D-6E4A-4C37-B8E1-FD91EAC06D55}.Debug|Any CPU.ActiveCfg = Debug|Any CPU
		{62372B3D-6E4A-4C37-B8E1-FD91EAC06D55}.Debug|Any CPU.Build.0 = Debug|Any CPU
		{62372B3D-6E4A-4C37-B8E1-FD91EAC06D55}.Release|Any CPU.ActiveCfg = Release|Any CPU
		{62372B3D-6E4A-4C37-B8E1-FD91EAC06D55}.Release|Any CPU.Build.0 = Release|Any CPU
		{DE2510D0-562D-4AC6-8C55-361077FB3EE9}.Debug|Any CPU.ActiveCfg = Debug|Any CPU
		{DE2510D0-562D-4AC6-8C55-361077FB3EE9}.Debug|Any CPU.Build.0 = Debug|Any CPU
		{DE2510D0-562D-4AC6-8C55-361077FB3EE9}.Release|Any CPU.ActiveCfg = Release|Any CPU
		{DE2510D0-562D-4AC6-8C55-361077FB3EE9}.Release|Any CPU.Build.0 = Release|Any CPU
		{3D399CA9-A910-4E70-A4E3-0C234BCA7932}.Debug|Any CPU.ActiveCfg = Debug|Any CPU
		{3D399CA9-A910-4E70-A4E3-0C234BCA7932}.Debug|Any CPU.Build.0 = Debug|Any CPU
		{3D399CA9-A910-4E70-A4E3-0C234BCA7932}.Release|Any CPU.ActiveCfg = Release|Any CPU
		{3D399CA9-A910-4E70-A4E3-0C234BCA7932}.Release|Any CPU.Build.0 = Release|Any CPU
		{5C1EB924-1462-4553-B2CA-17520E88679D}.Debug|Any CPU.ActiveCfg = Debug|Any CPU
		{5C1EB924-1462-4553-B2CA-17520E88679D}.Debug|Any CPU.Build.0 = Debug|Any CPU
		{5C1EB924-1462-4553-B2CA-17520E88679D}.Release|Any CPU.ActiveCfg = Release|Any CPU
		{5C1EB924-1462-4553-B2CA-17520E88679D}.Release|Any CPU.Build.0 = Release|Any CPU
		{B3EF42AB-CB35-40BA-A113-892C22E32F9A}.Debug|Any CPU.ActiveCfg = Debug|Any CPU
		{B3EF42AB-CB35-40BA-A113-892C22E32F9A}.Debug|Any CPU.Build.0 = Debug|Any CPU
		{B3EF42AB-CB35-40BA-A113-892C22E32F9A}.Release|Any CPU.ActiveCfg = Release|Any CPU
		{B3EF42AB-CB35-40BA-A113-892C22E32F9A}.Release|Any CPU.Build.0 = Release|Any CPU
		{CE3BA217-AA16-40F0-85B3-4E6D34E838D9}.Debug|Any CPU.ActiveCfg = Debug|Any CPU
		{CE3BA217-AA16-40F0-85B3-4E6D34E838D9}.Debug|Any CPU.Build.0 = Debug|Any CPU
		{CE3BA217-AA16-40F0-85B3-4E6D34E838D9}.Release|Any CPU.ActiveCfg = Release|Any CPU
		{CE3BA217-AA16-40F0-85B3-4E6D34E838D9}.Release|Any CPU.Build.0 = Release|Any CPU
	EndGlobalSection
	GlobalSection(SolutionProperties) = preSolution
		HideSolutionNode = FALSE
	EndGlobalSection
	GlobalSection(NestedProjects) = preSolution
		{62372B3D-6E4A-4C37-B8E1-FD91EAC06D55} = {74B77B76-AFCB-4710-94C8-1F3BD525D248}
		{DE2510D0-562D-4AC6-8C55-361077FB3EE9} = {B836782A-500F-495D-B83C-5577BA990AF3}
		{3D399CA9-A910-4E70-A4E3-0C234BCA7932} = {4456ED7C-6481-4A43-829A-E5D4970EF465}
		{5C1EB924-1462-4553-B2CA-17520E88679D} = {790C4576-73A2-445B-8E26-064E006936F9}
		{B3EF42AB-CB35-40BA-A113-892C22E32F9A} = {65C4F361-9844-46CB-8C75-5804A03EED50}
		{CE3BA217-AA16-40F0-85B3-4E6D34E838D9} = {B8824449-95C5-45F0-82E3-69AA68346E59}
	EndGlobalSection
	GlobalSection(ExtensibilityGlobals) = postSolution
		SolutionGuid = {732F2C4C-1B05-4346-9254-9F711AFB13D3}
	EndGlobalSection
EndGlobal
